PODS:
  - ChameleonFramework (2.1.0):
    - ChameleonFramework/Default (= 2.1.0)
  - ChameleonFramework/Default (2.1.0)
  - SDAutoLayout (2.1.8)
  - YYKit (1.0.9):
    - YYKit/no-arc (= 1.0.9)
  - YYKit/no-arc (1.0.9)

DEPENDENCIES:
  - ChameleonFramework
  - SDAutoLayout (~> 2.1.3)
  - YYKit

SPEC CHECKSUMS:
  ChameleonFramework: d21a3cc247abfe5e37609a283a8238b03575cf64
  SDAutoLayout: 5a4b48d6b8a5172ae8d088d2879e40dd795e6251
  YYKit: 7cda43304a8dc3696c449041e2cb3107b4e236e7

PODFILE CHECKSUM: 0588b84ecd849013b63ecc99f877c841223a50fb

COCOAPODS: 1.2.1
